<?xml version="1.0" encoding="utf-8"?>
<Project ToolsVersion="4.0" xmlns="http://schemas.microsoft.com/developer/msbuild/2003">
  <ItemGroup>
    <Filter Include="소스 파일">
      <UniqueIdentifier>{4FC737F1-C7A5-4376-A066-2A32D752A2FF}</UniqueIdentifier>
      <Extensions>cpp;c;cc;cxx;c++;cppm;ixx;def;odl;idl;hpj;bat;asm;asmx</Extensions>
    </Filter>
    <Filter Include="헤더 파일">
      <UniqueIdentifier>{93995380-89BD-4b04-88EB-625FBE52EBFB}</UniqueIdentifier>
      <Extensions>h;hh;hpp;hxx;h++;hm;inl;inc;ipp;xsd</Extensions>
    </Filter>
    <Filter Include="리소스 파일">
      <UniqueIdentifier>{67DA6AB6-F800-4c08-8B7A-83BB121AAD01}</UniqueIdentifier>
      <Extensions>rc;ico;cur;bmp;dlg;rc2;rct;bin;rgs;gif;jpg;jpeg;jpe;resx;tiff;tif;png;wav;mfcribbon-ms</Extensions>
    </Filter>
  </ItemGroup>
  <ItemGroup>
    <ClCompile Include="ConstraintData.cpp">
      <Filter>소스 파일</Filter>
    </ClCompile>
    <ClCompile Include="CurveTimeline.cpp">
      <Filter>소스 파일</Filter>
    </ClCompile>
    <ClCompile Include="DeformTimeline.cpp">
      <Filter>소스 파일</Filter>
    </ClCompile>
    <ClCompile Include="DrawOrderTimeline.cpp">
      <Filter>소스 파일</Filter>
    </ClCompile>
    <ClCompile Include="Event.cpp">
      <Filter>소스 파일</Filter>
    </ClCompile>
    <ClCompile Include="EventData.cpp">
      <Filter>소스 파일</Filter>
    </ClCompile>
    <ClCompile Include="EventTimeline.cpp">
      <Filter>소스 파일</Filter>
    </ClCompile>
    <ClCompile Include="Extension.cpp">
      <Filter>소스 파일</Filter>
    </ClCompile>
    <ClCompile Include="IkConstraint.cpp">
      <Filter>소스 파일</Filter>
    </ClCompile>
    <ClCompile Include="IkConstraintData.cpp">
      <Filter>소스 파일</Filter>
    </ClCompile>
    <ClCompile Include="IkConstraintTimeline.cpp">
      <Filter>소스 파일</Filter>
    </ClCompile>
    <ClCompile Include="Json.cpp">
      <Filter>소스 파일</Filter>
    </ClCompile>
    <ClCompile Include="LinkedMesh.cpp">
      <Filter>소스 파일</Filter>
    </ClCompile>
    <ClCompile Include="Log.cpp">
      <Filter>소스 파일</Filter>
    </ClCompile>
    <ClCompile Include="MathUtil.cpp">
      <Filter>소스 파일</Filter>
    </ClCompile>
    <ClCompile Include="MeshAttachment.cpp">
      <Filter>소스 파일</Filter>
    </ClCompile>
    <ClCompile Include="PathAttachment.cpp">
      <Filter>소스 파일</Filter>
    </ClCompile>
    <ClCompile Include="PathConstraint.cpp">
      <Filter>소스 파일</Filter>
    </ClCompile>
    <ClCompile Include="PathConstraintData.cpp">
      <Filter>소스 파일</Filter>
    </ClCompile>
    <ClCompile Include="PathConstraintMixTimeline.cpp">
      <Filter>소스 파일</Filter>
    </ClCompile>
    <ClCompile Include="PathConstraintPositionTimeline.cpp">
      <Filter>소스 파일</Filter>
    </ClCompile>
    <ClCompile Include="PathConstraintSpacingTimeline.cpp">
      <Filter>소스 파일</Filter>
    </ClCompile>
    <ClCompile Include="PointAttachment.cpp">
      <Filter>소스 파일</Filter>
    </ClCompile>
    <ClCompile Include="RegionAttachment.cpp">
      <Filter>소스 파일</Filter>
    </ClCompile>
    <ClCompile Include="RotateTimeline.cpp">
      <Filter>소스 파일</Filter>
    </ClCompile>
    <ClCompile Include="RTTI.cpp">
      <Filter>소스 파일</Filter>
    </ClCompile>
    <ClCompile Include="ScaleTimeline.cpp">
      <Filter>소스 파일</Filter>
    </ClCompile>
    <ClCompile Include="Sequence.cpp">
      <Filter>소스 파일</Filter>
    </ClCompile>
    <ClCompile Include="SequenceTimeline.cpp">
      <Filter>소스 파일</Filter>
    </ClCompile>
    <ClCompile Include="ShearTimeline.cpp">
      <Filter>소스 파일</Filter>
    </ClCompile>
    <ClCompile Include="Skeleton.cpp">
      <Filter>소스 파일</Filter>
    </ClCompile>
    <ClCompile Include="SkeletonBinary.cpp">
      <Filter>소스 파일</Filter>
    </ClCompile>
    <ClCompile Include="SkeletonBounds.cpp">
      <Filter>소스 파일</Filter>
    </ClCompile>
    <ClCompile Include="SkeletonClipping.cpp">
      <Filter>소스 파일</Filter>
    </ClCompile>
    <ClCompile Include="SkeletonData.cpp">
      <Filter>소스 파일</Filter>
    </ClCompile>
    <ClCompile Include="SkeletonJson.cpp">
      <Filter>소스 파일</Filter>
    </ClCompile>
    <ClCompile Include="Skin.cpp">
      <Filter>소스 파일</Filter>
    </ClCompile>
    <ClCompile Include="Slot.cpp">
      <Filter>소스 파일</Filter>
    </ClCompile>
    <ClCompile Include="SlotData.cpp">
      <Filter>소스 파일</Filter>
    </ClCompile>
    <ClCompile Include="SpineObject.cpp">
      <Filter>소스 파일</Filter>
    </ClCompile>
    <ClCompile Include="TextureLoader.cpp">
      <Filter>소스 파일</Filter>
    </ClCompile>
    <ClCompile Include="Timeline.cpp">
      <Filter>소스 파일</Filter>
    </ClCompile>
    <ClCompile Include="TransformConstraint.cpp">
      <Filter>소스 파일</Filter>
    </ClCompile>
    <ClCompile Include="TransformConstraintData.cpp">
      <Filter>소스 파일</Filter>
    </ClCompile>
    <ClCompile Include="TransformConstraintTimeline.cpp">
      <Filter>소스 파일</Filter>
    </ClCompile>
    <ClCompile Include="TranslateTimeline.cpp">
      <Filter>소스 파일</Filter>
    </ClCompile>
    <ClCompile Include="Triangulator.cpp">
      <Filter>소스 파일</Filter>
    </ClCompile>
    <ClCompile Include="Updatable.cpp">
      <Filter>소스 파일</Filter>
    </ClCompile>
    <ClCompile Include="VertexAttachment.cpp">
      <Filter>소스 파일</Filter>
    </ClCompile>
    <ClCompile Include="SpineAnimation.cpp">
      <Filter>소스 파일</Filter>
    </ClCompile>
    <ClCompile Include="AnimationState.cpp">
      <Filter>소스 파일</Filter>
    </ClCompile>
    <ClCompile Include="AnimationStateData.cpp">
      <Filter>소스 파일</Filter>
    </ClCompile>
    <ClCompile Include="Atlas.cpp">
      <Filter>소스 파일</Filter>
    </ClCompile>
    <ClCompile Include="AtlasAttachmentLoader.cpp">
      <Filter>소스 파일</Filter>
    </ClCompile>
    <ClCompile Include="Attachment.cpp">
      <Filter>소스 파일</Filter>
    </ClCompile>
    <ClCompile Include="AttachmentLoader.cpp">
      <Filter>소스 파일</Filter>
    </ClCompile>
    <ClCompile Include="AttachmentTimeline.cpp">
      <Filter>소스 파일</Filter>
    </ClCompile>
    <ClCompile Include="Bone.cpp">
      <Filter>소스 파일</Filter>
    </ClCompile>
    <ClCompile Include="BoneData.cpp">
      <Filter>소스 파일</Filter>
    </ClCompile>
    <ClCompile Include="BoundingBoxAttachment.cpp">
      <Filter>소스 파일</Filter>
    </ClCompile>
    <ClCompile Include="ClippingAttachment.cpp">
      <Filter>소스 파일</Filter>
    </ClCompile>
    <ClCompile Include="ColorTimeline.cpp">
      <Filter>소스 파일</Filter>
    </ClCompile>
  </ItemGroup>
  <ItemGroup>
    <ClInclude Include="spine\PathConstraintMixTimeline.h">
      <Filter>소스 파일</Filter>
    </ClInclude>
    <ClInclude Include="spine\PathConstraintPositionTimeline.h">
      <Filter>소스 파일</Filter>
    </ClInclude>
    <ClInclude Include="spine\PathConstraintSpacingTimeline.h">
      <Filter>소스 파일</Filter>
    </ClInclude>
    <ClInclude Include="spine\PointAttachment.h">
      <Filter>소스 파일</Filter>
    </ClInclude>
    <ClInclude Include="spine\Pool.h">
      <Filter>소스 파일</Filter>
    </ClInclude>
    <ClInclude Include="spine\PositionMode.h">
      <Filter>소스 파일</Filter>
    </ClInclude>
    <ClInclude Include="spine\Property.h">
      <Filter>소스 파일</Filter>
    </ClInclude>
    <ClInclude Include="spine\RegionAttachment.h">
      <Filter>소스 파일</Filter>
    </ClInclude>
    <ClInclude Include="spine\RotateMode.h">
      <Filter>소스 파일</Filter>
    </ClInclude>
    <ClInclude Include="spine\RotateTimeline.h">
      <Filter>소스 파일</Filter>
    </ClInclude>
    <ClInclude Include="spine\RTTI.h">
      <Filter>소스 파일</Filter>
    </ClInclude>
    <ClInclude Include="spine\ScaleTimeline.h">
      <Filter>소스 파일</Filter>
    </ClInclude>
    <ClInclude Include="spine\Sequence.h">
      <Filter>소스 파일</Filter>
    </ClInclude>
    <ClInclude Include="spine\SequenceTimeline.h">
      <Filter>소스 파일</Filter>
    </ClInclude>
    <ClInclude Include="spine\ShearTimeline.h">
      <Filter>소스 파일</Filter>
    </ClInclude>
    <ClInclude Include="spine\Skeleton.h">
      <Filter>소스 파일</Filter>
    </ClInclude>
    <ClInclude Include="spine\SkeletonBinary.h">
      <Filter>소스 파일</Filter>
    </ClInclude>
    <ClInclude Include="spine\SkeletonBounds.h">
      <Filter>소스 파일</Filter>
    </ClInclude>
    <ClInclude Include="spine\SkeletonClipping.h">
      <Filter>소스 파일</Filter>
    </ClInclude>
    <ClInclude Include="spine\SkeletonData.h">
      <Filter>소스 파일</Filter>
    </ClInclude>
    <ClInclude Include="spine\SkeletonJson.h">
      <Filter>소스 파일</Filter>
    </ClInclude>
    <ClInclude Include="spine\Skin.h">
      <Filter>소스 파일</Filter>
    </ClInclude>
    <ClInclude Include="spine\Slot.h">
      <Filter>소스 파일</Filter>
    </ClInclude>
    <ClInclude Include="spine\SlotData.h">
      <Filter>소스 파일</Filter>
    </ClInclude>
    <ClInclude Include="spine\SpacingMode.h">
      <Filter>소스 파일</Filter>
    </ClInclude>
    <ClInclude Include="spine\spine.h">
      <Filter>소스 파일</Filter>
    </ClInclude>
    <ClInclude Include="spine\SpineObject.h">
      <Filter>소스 파일</Filter>
    </ClInclude>
    <ClInclude Include="spine\SpineString.h">
      <Filter>소스 파일</Filter>
    </ClInclude>
    <ClInclude Include="spine\TextureLoader.h">
      <Filter>소스 파일</Filter>
    </ClInclude>
    <ClInclude Include="spine\TextureRegion.h">
      <Filter>소스 파일</Filter>
    </ClInclude>
    <ClInclude Include="spine\Timeline.h">
      <Filter>소스 파일</Filter>
    </ClInclude>
    <ClInclude Include="spine\TransformConstraint.h">
      <Filter>소스 파일</Filter>
    </ClInclude>
    <ClInclude Include="spine\TransformConstraintData.h">
      <Filter>소스 파일</Filter>
    </ClInclude>
    <ClInclude Include="spine\TransformConstraintTimeline.h">
      <Filter>소스 파일</Filter>
    </ClInclude>
    <ClInclude Include="spine\TransformMode.h">
      <Filter>소스 파일</Filter>
    </ClInclude>
    <ClInclude Include="spine\TranslateTimeline.h">
      <Filter>소스 파일</Filter>
    </ClInclude>
    <ClInclude Include="spine\Triangulator.h">
      <Filter>소스 파일</Filter>
    </ClInclude>
    <ClInclude Include="spine\Updatable.h">
      <Filter>소스 파일</Filter>
    </ClInclude>
    <ClInclude Include="spine\Vector.h">
      <Filter>소스 파일</Filter>
    </ClInclude>
    <ClInclude Include="spine\Version.h">
      <Filter>소스 파일</Filter>
    </ClInclude>
    <ClInclude Include="spine\VertexAttachment.h">
      <Filter>소스 파일</Filter>
    </ClInclude>
    <ClInclude Include="spine\Vertices.h">
      <Filter>소스 파일</Filter>
    </ClInclude>
    <ClInclude Include="spine\SpineAnimation.h">
      <Filter>소스 파일</Filter>
    </ClInclude>
    <ClInclude Include="spine\AnimationState.h">
      <Filter>소스 파일</Filter>
    </ClInclude>
    <ClInclude Include="spine\AnimationStateData.h">
      <Filter>소스 파일</Filter>
    </ClInclude>
    <ClInclude Include="spine\Atlas.h">
      <Filter>소스 파일</Filter>
    </ClInclude>
    <ClInclude Include="spine\AtlasAttachmentLoader.h">
      <Filter>소스 파일</Filter>
    </ClInclude>
    <ClInclude Include="spine\Attachment.h">
      <Filter>소스 파일</Filter>
    </ClInclude>
    <ClInclude Include="spine\AttachmentLoader.h">
      <Filter>소스 파일</Filter>
    </ClInclude>
    <ClInclude Include="spine\AttachmentTimeline.h">
      <Filter>소스 파일</Filter>
    </ClInclude>
    <ClInclude Include="spine\AttachmentType.h">
      <Filter>소스 파일</Filter>
    </ClInclude>
    <ClInclude Include="spine\BlendMode.h">
      <Filter>소스 파일</Filter>
    </ClInclude>
    <ClInclude Include="spine\Bone.h">
      <Filter>소스 파일</Filter>
    </ClInclude>
    <ClInclude Include="spine\BoneData.h">
      <Filter>소스 파일</Filter>
    </ClInclude>
    <ClInclude Include="spine\BoundingBoxAttachment.h">
      <Filter>소스 파일</Filter>
    </ClInclude>
    <ClInclude Include="spine\ClippingAttachment.h">
      <Filter>소스 파일</Filter>
    </ClInclude>
    <ClInclude Include="spine\Color.h">
      <Filter>소스 파일</Filter>
    </ClInclude>
    <ClInclude Include="spine\ColorTimeline.h">
      <Filter>소스 파일</Filter>
    </ClInclude>
    <ClInclude Include="spine\ConstraintData.h">
      <Filter>소스 파일</Filter>
    </ClInclude>
    <ClInclude Include="spine\ContainerUtil.h">
      <Filter>소스 파일</Filter>
    </ClInclude>
    <ClInclude Include="spine\CurveTimeline.h">
      <Filter>소스 파일</Filter>
    </ClInclude>
    <ClInclude Include="spine\Debug.h">
      <Filter>소스 파일</Filter>
    </ClInclude>
    <ClInclude Include="spine\DeformTimeline.h">
      <Filter>소스 파일</Filter>
    </ClInclude>
    <ClInclude Include="spine\dll.h">
      <Filter>소스 파일</Filter>
    </ClInclude>
    <ClInclude Include="spine\DrawOrderTimeline.h">
      <Filter>소스 파일</Filter>
    </ClInclude>
    <ClInclude Include="spine\Event.h">
      <Filter>소스 파일</Filter>
    </ClInclude>
    <ClInclude Include="spine\EventData.h">
      <Filter>소스 파일</Filter>
    </ClInclude>
    <ClInclude Include="spine\EventTimeline.h">
      <Filter>소스 파일</Filter>
    </ClInclude>
    <ClInclude Include="spine\Extension.h">
      <Filter>소스 파일</Filter>
    </ClInclude>
    <ClInclude Include="spine\HashMap.h">
      <Filter>소스 파일</Filter>
    </ClInclude>
    <ClInclude Include="spine\HasRendererObject.h">
      <Filter>소스 파일</Filter>
    </ClInclude>
    <ClInclude Include="spine\IkConstraint.h">
      <Filter>소스 파일</Filter>
    </ClInclude>
    <ClInclude Include="spine\IkConstraintData.h">
      <Filter>소스 파일</Filter>
    </ClInclude>
    <ClInclude Include="spine\IkConstraintTimeline.h">
      <Filter>소스 파일</Filter>
    </ClInclude>
    <ClInclude Include="spine\Json.h">
      <Filter>소스 파일</Filter>
    </ClInclude>
    <ClInclude Include="spine\LinkedMesh.h">
      <Filter>소스 파일</Filter>
    </ClInclude>
    <ClInclude Include="spine\Log.h">
      <Filter>소스 파일</Filter>
    </ClInclude>
    <ClInclude Include="spine\MathUtil.h">
      <Filter>소스 파일</Filter>
    </ClInclude>
    <ClInclude Include="spine\MeshAttachment.h">
      <Filter>소스 파일</Filter>
    </ClInclude>
    <ClInclude Include="spine\MixBlend.h">
      <Filter>소스 파일</Filter>
    </ClInclude>
    <ClInclude Include="spine\MixDirection.h">
      <Filter>소스 파일</Filter>
    </ClInclude>
    <ClInclude Include="spine\PathAttachment.h">
      <Filter>소스 파일</Filter>
    </ClInclude>
    <ClInclude Include="spine\PathConstraint.h">
      <Filter>소스 파일</Filter>
    </ClInclude>
    <ClInclude Include="spine\PathConstraintData.h">
      <Filter>소스 파일</Filter>
    </ClInclude>
  </ItemGroup>
</Project>